Microsoft Visual Studio Solution File, Format Version 12.00
# Visual Studio Version 17
VisualStudioVersion = 17.5.2.0
MinimumVisualStudioVersion = 10.0.40219.1
Project("{FAE04EC0-301F-11D3-BF4B-00C04F79EFBC}") = "HR-system", "HR-system.csproj", "{5E427082-04D1-05C9-E221-3FDDC1C46F7E}"
EndProject
Global
	GlobalSection(SolutionConfigurationPlatforms) = preSolution
		Debug|Any CPU = Debug|Any CPU
		Release|Any CPU = Release|Any CPU
	EndGlobalSection
	GlobalSection(ProjectConfigurationPlatforms) = postSolution
		{5E427082-04D1-05C9-E221-3FDDC1C46F7E}.Debug|Any CPU.ActiveCfg = Debug|Any CPU
		{5E427082-04D1-05C9-E221-3FDDC1C46F7E}.Debug|Any CPU.Build.0 = Debug|Any CPU
		{5E427082-04D1-05C9-E221-3FDDC1C46F7E}.Release|Any CPU.ActiveCfg = Release|Any CPU
		{5E427082-04D1-05C9-E221-3FDDC1C46F7E}.Release|Any CPU.Build.0 = Release|Any CPU
	EndGlobalSection
	GlobalSection(SolutionProperties) = preSolution
		HideSolutionNode = FALSE
	EndGlobalSection
	GlobalSection(ExtensibilityGlobals) = postSolution
		SolutionGuid = {11CB4C77-D163-489C-8D16-DE30618513B8}
	EndGlobalSection
EndGlobal
